
Microsoft Visual Studio Solution File, Format Version 12.00
# Visual Studio 15
VisualStudioVersion = 15.0.28010.2050
MinimumVisualStudioVersion = 10.0.40219.1
Project("{FAE04EC0-301F-11D3-BF4B-00C04F79EFBC}") = "Cours.Android", "Cours\Cours.Android\Cours.Android.csproj", "{4161C40B-7109-4268-B2FD-A0C1795C4541}"
EndProject
Project("{FAE04EC0-301F-11D3-BF4B-00C04F79EFBC}") = "Cours.iOS", "Cours\Cours.iOS\Cours.iOS.csproj", "{BD004C3F-8414-4431-85EE-35C9399F6EE2}"
EndProject
Project("{FAE04EC0-301F-11D3-BF4B-00C04F79EFBC}") = "Cours", "Cours\Cours\Cours.csproj", "{63DAA569-FC66-420A-AD60-B0EFAA4D3122}"
EndProject
Global
	GlobalSection(SolutionConfigurationPlatforms) = preSolution
		Ad-Hoc|Any CPU = Ad-Hoc|Any CPU
		Ad-Hoc|iPhone = Ad-Hoc|iPhone
		Ad-Hoc|iPhoneSimulator = Ad-Hoc|iPhoneSimulator
		AppStore|Any CPU = AppStore|Any CPU
		AppStore|iPhone = AppStore|iPhone
		AppStore|iPhoneSimulator = AppStore|iPhoneSimulator
		Debug|Any CPU = Debug|Any CPU
		Debug|iPhone = Debug|iPhone
		Debug|iPhoneSimulator = Debug|iPhoneSimulator
		Release|Any CPU = Release|Any CPU
		Release|iPhone = Release|iPhone
		Release|iPhoneSimulator = Release|iPhoneSimulator
	EndGlobalSection
	GlobalSection(ProjectConfigurationPlatforms) = postSolution
		{4161C40B-7109-4268-B2FD-A0C1795C4541}.Ad-Hoc|Any CPU.ActiveCfg = Release|Any CPU
		{4161C40B-7109-4268-B2FD-A0C1795C4541}.Ad-Hoc|Any CPU.Build.0 = Release|Any CPU
		{4161C40B-7109-4268-B2FD-A0C1795C4541}.Ad-Hoc|Any CPU.Deploy.0 = Release|Any CPU
		{4161C40B-7109-4268-B2FD-A0C1795C4541}.Ad-Hoc|iPhone.ActiveCfg = Release|Any CPU
		{4161C40B-7109-4268-B2FD-A0C1795C4541}.Ad-Hoc|iPhone.Build.0 = Release|Any CPU
		{4161C40B-7109-4268-B2FD-A0C1795C4541}.Ad-Hoc|iPhone.Deploy.0 = Release|Any CPU
		{4161C40B-7109-4268-B2FD-A0C1795C4541}.Ad-Hoc|iPhoneSimulator.ActiveCfg = Release|Any CPU
		{4161C40B-7109-4268-B2FD-A0C1795C4541}.Ad-Hoc|iPhoneSimulator.Build.0 = Release|Any CPU
		{4161C40B-7109-4268-B2FD-A0C1795C4541}.Ad-Hoc|iPhoneSimulator.Deploy.0 = Release|Any CPU
		{4161C40B-7109-4268-B2FD-A0C1795C4541}.AppStore|Any CPU.ActiveCfg = Release|Any CPU
		{4161C40B-7109-4268-B2FD-A0C1795C4541}.AppStore|Any CPU.Build.0 = Release|Any CPU
		{4161C40B-7109-4268-B2FD-A0C1795C4541}.AppStore|Any CPU.Deploy.0 = Release|Any CPU
		{4161C40B-7109-4268-B2FD-A0C1795C4541}.AppStore|iPhone.ActiveCfg = Release|Any CPU
		{4161C40B-7109-4268-B2FD-A0C1795C4541}.AppStore|iPhone.Build.0 = Release|Any CPU
		{4161C40B-7109-4268-B2FD-A0C1795C4541}.AppStore|iPhone.Deploy.0 = Release|Any CPU
		{4161C40B-7109-4268-B2FD-A0C1795C4541}.AppStore|iPhoneSimulator.ActiveCfg = Release|Any CPU
		{4161C40B-7109-4268-B2FD-A0C1795C4541}.AppStore|iPhoneSimulator.Build.0 = Release|Any CPU
		{4161C40B-7109-4268-B2FD-A0C1795C4541}.AppStore|iPhoneSimulator.Deploy.0 = Release|Any CPU
		{4161C40B-7109-4268-B2FD-A0C1795C4541}.Debug|Any CPU.ActiveCfg = Debug|Any CPU
		{4161C40B-7109-4268-B2FD-A0C1795C4541}.Debug|Any CPU.Build.0 = Debug|Any CPU
		{4161C40B-7109-4268-B2FD-A0C1795C4541}.Debug|Any CPU.Deploy.0 = Debug|Any CPU
		{4161C40B-7109-4268-B2FD-A0C1795C4541}.Debug|iPhone.ActiveCfg = Debug|Any CPU
		{4161C40B-7109-4268-B2FD-A0C1795C4541}.Debug|iPhone.Build.0 = Debug|Any CPU
		{4161C40B-7109-4268-B2FD-A0C1795C4541}.Debug|iPhone.Deploy.0 = Debug|Any CPU
		{4161C40B-7109-4268-B2FD-A0C1795C4541}.Debug|iPhoneSimulator.ActiveCfg = Debug|Any CPU
		{4161C40B-7109-4268-B2FD-A0C1795C4541}.Debug|iPhoneSimulator.Build.0 = Debug|Any CPU
		{4161C40B-7109-4268-B2FD-A0C1795C4541}.Debug|iPhoneSimulator.Deploy.0 = Debug|Any CPU
		{4161C40B-7109-4268-B2FD-A0C1795C4541}.Release|Any CPU.ActiveCfg = Release|Any CPU
		{4161C40B-7109-4268-B2FD-A0C1795C4541}.Release|Any CPU.Build.0 = Release|Any CPU
		{4161C40B-7109-4268-B2FD-A0C1795C4541}.Release|Any CPU.Deploy.0 = Release|Any CPU
		{4161C40B-7109-4268-B2FD-A0C1795C4541}.Release|iPhone.ActiveCfg = Release|Any CPU
		{4161C40B-7109-4268-B2FD-A0C1795C4541}.Release|iPhone.Build.0 = Release|Any CPU
		{4161C40B-7109-4268-B2FD-A0C1795C4541}.Release|iPhone.Deploy.0 = Release|Any CPU
		{4161C40B-7109-4268-B2FD-A0C1795C4541}.Release|iPhoneSimulator.ActiveCfg = Release|Any CPU
		{4161C40B-7109-4268-B2FD-A0C1795C4541}.Release|iPhoneSimulator.Build.0 = Release|Any CPU
		{4161C40B-7109-4268-B2FD-A0C1795C4541}.Release|iPhoneSimulator.Deploy.0 = Release|Any CPU
		{BD004C3F-8414-4431-85EE-35C9399F6EE2}.Ad-Hoc|Any CPU.ActiveCfg = Ad-Hoc|iPhone
		{BD004C3F-8414-4431-85EE-35C9399F6EE2}.Ad-Hoc|Any CPU.Build.0 = Ad-Hoc|iPhone
		{BD004C3F-8414-4431-85EE-35C9399F6EE2}.Ad-Hoc|Any CPU.Deploy.0 = Ad-Hoc|iPhone
		{BD004C3F-8414-4431-85EE-35C9399F6EE2}.Ad-Hoc|iPhone.ActiveCfg = Ad-Hoc|iPhone
		{BD004C3F-8414-4431-85EE-35C9399F6EE2}.Ad-Hoc|iPhone.Build.0 = Ad-Hoc|iPhone
		{BD004C3F-8414-4431-85EE-35C9399F6EE2}.Ad-Hoc|iPhone.Deploy.0 = Ad-Hoc|iPhone
		{BD004C3F-8414-4431-85EE-35C9399F6EE2}.Ad-Hoc|iPhoneSimulator.ActiveCfg = Ad-Hoc|iPhoneSimulator
		{BD004C3F-8414-4431-85EE-35C9399F6EE2}.Ad-Hoc|iPhoneSimulator.Build.0 = Ad-Hoc|iPhoneSimulator
		{BD004C3F-8414-4431-85EE-35C9399F6EE2}.Ad-Hoc|iPhoneSimulator.Deploy.0 = Ad-Hoc|iPhoneSimulator
		{BD004C3F-8414-4431-85EE-35C9399F6EE2}.AppStore|Any CPU.ActiveCfg = AppStore|iPhone
		{BD004C3F-8414-4431-85EE-35C9399F6EE2}.AppStore|Any CPU.Build.0 = AppStore|iPhone
		{BD004C3F-8414-4431-85EE-35C9399F6EE2}.AppStore|Any CPU.Deploy.0 = AppStore|iPhone
		{BD004C3F-8414-4431-85EE-35C9399F6EE2}.AppStore|iPhone.ActiveCfg = AppStore|iPhone
		{BD004C3F-8414-4431-85EE-35C9399F6EE2}.AppStore|iPhone.Build.0 = AppStore|iPhone
		{BD004C3F-8414-4431-85EE-35C9399F6EE2}.AppStore|iPhone.Deploy.0 = AppStore|iPhone
		{BD004C3F-8414-4431-85EE-35C9399F6EE2}.AppStore|iPhoneSimulator.ActiveCfg = AppStore|iPhoneSimulator
		{BD004C3F-8414-4431-85EE-35C9399F6EE2}.AppStore|iPhoneSimulator.Build.0 = AppStore|iPhoneSimulator
		{BD004C3F-8414-4431-85EE-35C9399F6EE2}.AppStore|iPhoneSimulator.Deploy.0 = AppStore|iPhoneSimulator
		{BD004C3F-8414-4431-85EE-35C9399F6EE2}.Debug|Any CPU.ActiveCfg = Debug|iPhoneSimulator
		{BD004C3F-8414-4431-85EE-35C9399F6EE2}.Debug|Any CPU.Build.0 = Debug|iPhoneSimulator
		{BD004C3F-8414-4431-85EE-35C9399F6EE2}.Debug|Any CPU.Deploy.0 = Debug|iPhoneSimulator
		{BD004C3F-8414-4431-85EE-35C9399F6EE2}.Debug|iPhone.ActiveCfg = Debug|iPhone
		{BD004C3F-8414-4431-85EE-35C9399F6EE2}.Debug|iPhone.Build.0 = Debug|iPhone
		{BD004C3F-8414-4431-85EE-35C9399F6EE2}.Debug|iPhone.Deploy.0 = Debug|iPhone
		{BD004C3F-8414-4431-85EE-35C9399F6EE2}.Debug|iPhoneSimulator.ActiveCfg = Debug|iPhoneSimulator
		{BD004C3F-8414-4431-85EE-35C9399F6EE2}.Debug|iPhoneSimulator.Build.0 = Debug|iPhoneSimulator
		{BD004C3F-8414-4431-85EE-35C9399F6EE2}.Debug|iPhoneSimulator.Deploy.0 = Debug|iPhoneSimulator
		{BD004C3F-8414-4431-85EE-35C9399F6EE2}.Release|Any CPU.ActiveCfg = Release|iPhone
		{BD004C3F-8414-4431-85EE-35C9399F6EE2}.Release|Any CPU.Build.0 = Release|iPhone
		{BD004C3F-8414-4431-85EE-35C9399F6EE2}.Release|Any CPU.Deploy.0 = Release|iPhone
		{BD004C3F-8414-4431-85EE-35C9399F6EE2}.Release|iPhone.ActiveCfg = Release|iPhone
		{BD004C3F-8414-4431-85EE-35C9399F6EE2}.Release|iPhone.Build.0 = Release|iPhone
		{BD004C3F-8414-4431-85EE-35C9399F6EE2}.Release|iPhone.Deploy.0 = Release|iPhone
		{BD004C3F-8414-4431-85EE-35C9399F6EE2}.Release|iPhoneSimulator.ActiveCfg = Release|iPhoneSimulator
		{BD004C3F-8414-4431-85EE-35C9399F6EE2}.Release|iPhoneSimulator.Build.0 = Release|iPhoneSimulator
		{BD004C3F-8414-4431-85EE-35C9399F6EE2}.Release|iPhoneSimulator.Deploy.0 = Release|iPhoneSimulator
		{63DAA569-FC66-420A-AD60-B0EFAA4D3122}.Ad-Hoc|Any CPU.ActiveCfg = Debug|Any CPU
		{63DAA569-FC66-420A-AD60-B0EFAA4D3122}.Ad-Hoc|Any CPU.Build.0 = Debug|Any CPU
		{63DAA569-FC66-420A-AD60-B0EFAA4D3122}.Ad-Hoc|Any CPU.Deploy.0 = Debug|Any CPU
		{63DAA569-FC66-420A-AD60-B0EFAA4D3122}.Ad-Hoc|iPhone.ActiveCfg = Debug|Any CPU
		{63DAA569-FC66-420A-AD60-B0EFAA4D3122}.Ad-Hoc|iPhone.Build.0 = Debug|Any CPU
		{63DAA569-FC66-420A-AD60-B0EFAA4D3122}.Ad-Hoc|iPhone.Deploy.0 = Debug|Any CPU
		{63DAA569-FC66-420A-AD60-B0EFAA4D3122}.Ad-Hoc|iPhoneSimulator.ActiveCfg = Debug|Any CPU
		{63DAA569-FC66-420A-AD60-B0EFAA4D3122}.Ad-Hoc|iPhoneSimulator.Build.0 = Debug|Any CPU
		{63DAA569-FC66-420A-AD60-B0EFAA4D3122}.Ad-Hoc|iPhoneSimulator.Deploy.0 = Debug|Any CPU
		{63DAA569-FC66-420A-AD60-B0EFAA4D3122}.AppStore|Any CPU.ActiveCfg = Debug|Any CPU
		{63DAA569-FC66-420A-AD60-B0EFAA4D3122}.AppStore|Any CPU.Build.0 = Debug|Any CPU
		{63DAA569-FC66-420A-AD60-B0EFAA4D3122}.AppStore|Any CPU.Deploy.0 = Debug|Any CPU
		{63DAA569-FC66-420A-AD60-B0EFAA4D3122}.AppStore|iPhone.ActiveCfg = Debug|Any CPU
		{63DAA569-FC66-420A-AD60-B0EFAA4D3122}.AppStore|iPhone.Build.0 = Debug|Any CPU
		{63DAA569-FC66-420A-AD60-B0EFAA4D3122}.AppStore|iPhone.Deploy.0 = Debug|Any CPU
		{63DAA569-FC66-420A-AD60-B0EFAA4D3122}.AppStore|iPhoneSimulator.ActiveCfg = Debug|Any CPU
		{63DAA569-FC66-420A-AD60-B0EFAA4D3122}.AppStore|iPhoneSimulator.Build.0 = Debug|Any CPU
		{63DAA569-FC66-420A-AD60-B0EFAA4D3122}.AppStore|iPhoneSimulator.Deploy.0 = Debug|Any CPU
		{63DAA569-FC66-420A-AD60-B0EFAA4D3122}.Debug|Any CPU.ActiveCfg = Debug|Any CPU
		{63DAA569-FC66-420A-AD60-B0EFAA4D3122}.Debug|Any CPU.Build.0 = Debug|Any CPU
		{63DAA569-FC66-420A-AD60-B0EFAA4D3122}.Debug|Any CPU.Deploy.0 = Debug|Any CPU
		{63DAA569-FC66-420A-AD60-B0EFAA4D3122}.Debug|iPhone.ActiveCfg = Debug|Any CPU
		{63DAA569-FC66-420A-AD60-B0EFAA4D3122}.Debug|iPhone.Build.0 = Debug|Any CPU
		{63DAA569-FC66-420A-AD60-B0EFAA4D3122}.Debug|iPhone.Deploy.0 = Debug|Any CPU
		{63DAA569-FC66-420A-AD60-B0EFAA4D3122}.Debug|iPhoneSimulator.ActiveCfg = Debug|Any CPU
		{63DAA569-FC66-420A-AD60-B0EFAA4D3122}.Debug|iPhoneSimulator.Build.0 = Debug|Any CPU
		{63DAA569-FC66-420A-AD60-B0EFAA4D3122}.Debug|iPhoneSimulator.Deploy.0 = Debug|Any CPU
		{63DAA569-FC66-420A-AD60-B0EFAA4D3122}.Release|Any CPU.ActiveCfg = Release|Any CPU
		{63DAA569-FC66-420A-AD60-B0EFAA4D3122}.Release|Any CPU.Build.0 = Release|Any CPU
		{63DAA569-FC66-420A-AD60-B0EFAA4D3122}.Release|Any CPU.Deploy.0 = Release|Any CPU
		{63DAA569-FC66-420A-AD60-B0EFAA4D3122}.Release|iPhone.ActiveCfg = Release|Any CPU
		{63DAA569-FC66-420A-AD60-B0EFAA4D3122}.Release|iPhone.Build.0 = Release|Any CPU
		{63DAA569-FC66-420A-AD60-B0EFAA4D3122}.Release|iPhone.Deploy.0 = Release|Any CPU
		{63DAA569-FC66-420A-AD60-B0EFAA4D3122}.Release|iPhoneSimulator.ActiveCfg = Release|Any CPU
		{63DAA569-FC66-420A-AD60-B0EFAA4D3122}.Release|iPhoneSimulator.Build.0 = Release|Any CPU
		{63DAA569-FC66-420A-AD60-B0EFAA4D3122}.Release|iPhoneSimulator.Deploy.0 = Release|Any CPU
	EndGlobalSection
	GlobalSection(SolutionProperties) = preSolution
		HideSolutionNode = FALSE
	EndGlobalSection
	GlobalSection(ExtensibilityGlobals) = postSolution
		SolutionGuid = {9A26D1D7-6C85-4F52-917E-2C743D110080}
	EndGlobalSection
EndGlobal
